
Microsoft Visual Studio Solution File, Format Version 12.00
# Visual Studio 15
VisualStudioVersion = 15.0.27703.2035
MinimumVisualStudioVersion = 10.0.40219.1
Project("{FAE04EC0-301F-11D3-BF4B-00C04F79EFBC}") = "EILabsImageActivites", "EILabsImageActivites\EILabsImageActivites.csproj", "{CE98334F-A781-4052-94EB-A50D3871C51D}"
EndProject
Project("{FAE04EC0-301F-11D3-BF4B-00C04F79EFBC}") = "Test_ImageActivites", "Test_ImageActivites\Test_ImageActivites.csproj", "{816B8EB6-76A9-401B-90AC-40E2580F5948}"
EndProject
Global
	GlobalSection(SolutionConfigurationPlatforms) = preSolution
		Debug|Any CPU = Debug|Any CPU
		Release|Any CPU = Release|Any CPU
	EndGlobalSection
	GlobalSection(ProjectConfigurationPlatforms) = postSolution
		{CE98334F-A781-4052-94EB-A50D3871C51D}.Debug|Any CPU.ActiveCfg = Debug|Any CPU
		{CE98334F-A781-4052-94EB-A50D3871C51D}.Debug|Any CPU.Build.0 = Debug|Any CPU
		{CE98334F-A781-4052-94EB-A50D3871C51D}.Release|Any CPU.ActiveCfg = Release|Any CPU
		{CE98334F-A781-4052-94EB-A50D3871C51D}.Release|Any CPU.Build.0 = Release|Any CPU
		{816B8EB6-76A9-401B-90AC-40E2580F5948}.Debug|Any CPU.ActiveCfg = Debug|Any CPU
		{816B8EB6-76A9-401B-90AC-40E2580F5948}.Debug|Any CPU.Build.0 = Debug|Any CPU
		{816B8EB6-76A9-401B-90AC-40E2580F5948}.Release|Any CPU.ActiveCfg = Release|Any CPU
		{816B8EB6-76A9-401B-90AC-40E2580F5948}.Release|Any CPU.Build.0 = Release|Any CPU
	EndGlobalSection
	GlobalSection(SolutionProperties) = preSolution
		HideSolutionNode = FALSE
	EndGlobalSection
	GlobalSection(ExtensibilityGlobals) = postSolution
		SolutionGuid = {A71C1EB6-098D-4A43-98F0-CB6EF9347297}
	EndGlobalSection
EndGlobal
